
Microsoft Visual Studio Solution File, Format Version 12.00
# Visual Studio Version 16
VisualStudioVersion = 16.0.29102.190
MinimumVisualStudioVersion = 10.0.40219.1
Project("{FAE04EC0-301F-11D3-BF4B-00C04F79EFBC}") = "assignementOneExercise2", "assignementOneExercise2\assignementOneExercise2.csproj", "{5DE7A7C0-CE65-42E5-9C93-43A18F7AFF52}"
EndProject
Global
	GlobalSection(SolutionConfigurationPlatforms) = preSolution
		Debug|Any CPU = Debug|Any CPU
		Release|Any CPU = Release|Any CPU
	EndGlobalSection
	GlobalSection(ProjectConfigurationPlatforms) = postSolution
		{5DE7A7C0-CE65-42E5-9C93-43A18F7AFF52}.Debug|Any CPU.ActiveCfg = Debug|Any CPU
		{5DE7A7C0-CE65-42E5-9C93-43A18F7AFF52}.Debug|Any CPU.Build.0 = Debug|Any CPU
		{5DE7A7C0-CE65-42E5-9C93-43A18F7AFF52}.Release|Any CPU.ActiveCfg = Release|Any CPU
		{5DE7A7C0-CE65-42E5-9C93-43A18F7AFF52}.Release|Any CPU.Build.0 = Release|Any CPU
	EndGlobalSection
	GlobalSection(SolutionProperties) = preSolution
		HideSolutionNode = FALSE
	EndGlobalSection
	GlobalSection(ExtensibilityGlobals) = postSolution
		SolutionGuid = {EF38B603-921D-4FFD-BBC8-A3F70EDA890E}
	EndGlobalSection
EndGlobal
